<?xml version="1.0" encoding="utf-8"?>
<Project ToolsVersion="4.0" xmlns="http://schemas.microsoft.com/developer/msbuild/2003">
  <ItemGroup>
    <Filter Include="Rain">
      <UniqueIdentifier>{2FB18B7C-1BE8-8C0D-C4D4-7210B0EA080F}</UniqueIdentifier>
    </Filter>
    <Filter Include="Rain\Events">
      <UniqueIdentifier>{3352E641-9F07-5F37-28FC-580E94B0553B}</UniqueIdentifier>
    </Filter>
  </ItemGroup>
  <ItemGroup>
    <ClInclude Include="src\Rain.h" />
    <ClInclude Include="src\Rain\Application.h">
      <Filter>Rain</Filter>
    </ClInclude>
    <ClInclude Include="src\Rain\Core.h">
      <Filter>Rain</Filter>
    </ClInclude>
    <ClInclude Include="src\Rain\EntryPoint.h">
      <Filter>Rain</Filter>
    </ClInclude>
    <ClInclude Include="src\Rain\Events\ApplicationEvent.h">
      <Filter>Rain\Events</Filter>
    </ClInclude>
    <ClInclude Include="src\Rain\Events\Event.h">
      <Filter>Rain\Events</Filter>
    </ClInclude>
    <ClInclude Include="src\Rain\Events\KeyEvent.h">
      <Filter>Rain\Events</Filter>
    </ClInclude>
    <ClInclude Include="src\Rain\Events\MouseEvent.h">
      <Filter>Rain\Events</Filter>
    </ClInclude>
    <ClInclude Include="src\Rain\Log.h">
      <Filter>Rain</Filter>
    </ClInclude>
    <ClInclude Include="src\rnpch.h" />
    <ClInclude Include="src\Rain\Window.h" />
    <ClInclude Include="src\Platform\Windows\WindowsWindow.h" />
  </ItemGroup>
  <ItemGroup>
    <ClCompile Include="src\Rain\Application.cpp">
      <Filter>Rain</Filter>
    </ClCompile>
    <ClCompile Include="src\Rain\Log.cpp">
      <Filter>Rain</Filter>
    </ClCompile>
    <ClCompile Include="src\rnpch.cpp" />
    <ClCompile Include="src\Platform\Windows\WindowsWindow.cpp" />
  </ItemGroup>
</Project>